
Microsoft Visual Studio Solution File, Format Version 12.00
# Visual Studio Version 17
VisualStudioVersion = 17.4.33103.184
MinimumVisualStudioVersion = 10.0.40219.1
Project("{FAE04EC0-301F-11D3-BF4B-00C04F79EFBC}") = "AutoScore", "AutoScore\AutoScore.csproj", "{277EF1DF-4C4E-48BC-8EF2-97982FB35BDC}"
EndProject
Global
	GlobalSection(SolutionConfigurationPlatforms) = preSolution
		Debug|Any CPU = Debug|Any CPU
		Release|Any CPU = Release|Any CPU
	EndGlobalSection
	GlobalSection(ProjectConfigurationPlatforms) = postSolution
		{277EF1DF-4C4E-48BC-8EF2-97982FB35BDC}.Debug|Any CPU.ActiveCfg = Debug|Any CPU
		{277EF1DF-4C4E-48BC-8EF2-97982FB35BDC}.Debug|Any CPU.Build.0 = Debug|Any CPU
		{277EF1DF-4C4E-48BC-8EF2-97982FB35BDC}.Release|Any CPU.ActiveCfg = Release|Any CPU
		{277EF1DF-4C4E-48BC-8EF2-97982FB35BDC}.Release|Any CPU.Build.0 = Release|Any CPU
	EndGlobalSection
	GlobalSection(SolutionProperties) = preSolution
		HideSolutionNode = FALSE
	EndGlobalSection
	GlobalSection(ExtensibilityGlobals) = postSolution
		SolutionGuid = {0D65A30C-1035-4EF7-97DE-4E48E0DC8D4C}
	EndGlobalSection
EndGlobal
